// !$*UTF8*$!
{
	archiveVersion = 1;
	classes = {
	};
	objectVersion = 45;
	objects = {

/* Begin PBXBuildFile section */
		1DDD58160DA1D0A300B32029 /* MainMenu.xib in Resources */ = {isa = PBXBuildFile; fileRef = 1DDD58140DA1D0A300B32029 /* MainMenu.xib */; };
		256AC3DA0F4B6AC300CF3369 /* fayeMacAppDelegate.m in Sources */ = {isa = PBXBuildFile; fileRef = 256AC3D90F4B6AC300CF3369 /* fayeMacAppDelegate.m */; };
		5D196E0D132FBF1900DF141C /* fayeMac.icns in Resources */ = {isa = PBXBuildFile; fileRef = 5D196E0C132FBF1900DF141C /* fayeMac.icns */; };
		5D4CF4EC133242AD00738FDE /* JSONKit.m in Sources */ = {isa = PBXBuildFile; fileRef = 5D4CF4EB133242AD00738FDE /* JSONKit.m */; };
		5DD10076132118ED00E49150 /* CoreServices.framework in Frameworks */ = {isa = PBXBuildFile; fileRef = 5DD10075132118ED00E49150 /* CoreServices.framework */; };
		5DD102ED13213B1F00E49150 /* MainController.m in Sources */ = {isa = PBXBuildFile; fileRef = 5DD102EC13213B1F00E49150 /* MainController.m */; };
		5DD10431132183C600E49150 /* green.png in Resources */ = {isa = PBXBuildFile; fileRef = 5DD1042F132183C600E49150 /* green.png */; };
		5DD10432132183C600E49150 /* red.png in Resources */ = {isa = PBXBuildFile; fileRef = 5DD10430132183C600E49150 /* red.png */; };
		5DD104BB1321886400E49150 /* NSDate-UTC.m in Sources */ = {isa = PBXBuildFile; fileRef = 5DD104971321886400E49150 /* NSDate-UTC.m */; };
		5DD104BC1321886400E49150 /* NSObject+PropertySupport.m in Sources */ = {isa = PBXBuildFile; fileRef = 5DD104991321886400E49150 /* NSObject+PropertySupport.m */; };
		5DD104BD1321886400E49150 /* NSString+InflectionSupport.m in Sources */ = {isa = PBXBuildFile; fileRef = 5DD1049B1321886400E49150 /* NSString+InflectionSupport.m */; };
		5DD104BE1321886400E49150 /* ObjectiveResourceDateFormatter.m in Sources */ = {isa = PBXBuildFile; fileRef = 5DD1049D1321886400E49150 /* ObjectiveResourceDateFormatter.m */; };
		5DD104BF1321886400E49150 /* NSData+Serialize.m in Sources */ = {isa = PBXBuildFile; fileRef = 5DD104A01321886400E49150 /* NSData+Serialize.m */; };
		5DD104C01321886400E49150 /* NSDate+Serialize.m in Sources */ = {isa = PBXBuildFile; fileRef = 5DD104A21321886400E49150 /* NSDate+Serialize.m */; };
		5DD104C11321886400E49150 /* NSDictionary+KeyTranslation.m in Sources */ = {isa = PBXBuildFile; fileRef = 5DD104A41321886400E49150 /* NSDictionary+KeyTranslation.m */; };
		5DD104C21321886400E49150 /* NSObject+Serialize.m in Sources */ = {isa = PBXBuildFile; fileRef = 5DD104A61321886400E49150 /* NSObject+Serialize.m */; };
		5DD104C31321886400E49150 /* NSString+Serialize.m in Sources */ = {isa = PBXBuildFile; fileRef = 5DD104A81321886400E49150 /* NSString+Serialize.m */; };
		5DD104C41321886400E49150 /* FayeClient.m in Sources */ = {isa = PBXBuildFile; fileRef = 5DD104AA1321886400E49150 /* FayeClient.m */; };
		5DD104C51321886400E49150 /* FayeMessage.m in Sources */ = {isa = PBXBuildFile; fileRef = 5DD104AC1321886400E49150 /* FayeMessage.m */; };
		5DD104C61321886400E49150 /* AsyncSocket Documentation.html in Resources */ = {isa = PBXBuildFile; fileRef = 5DD104B01321886400E49150 /* AsyncSocket Documentation.html */; };
		5DD104C71321886400E49150 /* AsyncSocket.m in Sources */ = {isa = PBXBuildFile; fileRef = 5DD104B21321886400E49150 /* AsyncSocket.m */; };
		5DD104C81321886400E49150 /* AsyncUdpSocket.m in Sources */ = {isa = PBXBuildFile; fileRef = 5DD104B41321886400E49150 /* AsyncUdpSocket.m */; };
		5DD104C91321886400E49150 /* changes.txt in Resources */ = {isa = PBXBuildFile; fileRef = 5DD104B51321886400E49150 /* changes.txt */; };
		5DD104CA1321886400E49150 /* ZTWebSocket.m in Sources */ = {isa = PBXBuildFile; fileRef = 5DD104BA1321886400E49150 /* ZTWebSocket.m */; };
		8D11072B0486CEB800E47090 /* InfoPlist.strings in Resources */ = {isa = PBXBuildFile; fileRef = 089C165CFE840E0CC02AAC07 /* InfoPlist.strings */; };
		8D11072D0486CEB800E47090 /* main.m in Sources */ = {isa = PBXBuildFile; fileRef = 29B97316FDCFA39411CA2CEA /* main.m */; settings = {ATTRIBUTES = (); }; };
		8D11072F0486CEB800E47090 /* Cocoa.framework in Frameworks */ = {isa = PBXBuildFile; fileRef = 1058C7A1FEA54F0111CA2CBB /* Cocoa.framework */; };
/* End PBXBuildFile section */

/* Begin PBXCopyFilesBuildPhase section */
		5DD1FF831320494600E49150 /* CopyFiles */ = {
			isa = PBXCopyFilesBuildPhase;
			buildActionMask = 2147483647;
			dstPath = "";
			dstSubfolderSpec = 10;
			files = (
			);
			runOnlyForDeploymentPostprocessing = 0;
		};
/* End PBXCopyFilesBuildPhase section */

/* Begin PBXFileReference section */
		089C165DFE840E0CC02AAC07 /* English */ = {isa = PBXFileReference; fileEncoding = 4; lastKnownFileType = text.plist.strings; name = English; path = English.lproj/InfoPlist.strings; sourceTree = "<group>"; };
		1058C7A1FEA54F0111CA2CBB /* Cocoa.framework */ = {isa = PBXFileReference; lastKnownFileType = wrapper.framework; name = Cocoa.framework; path = /System/Library/Frameworks/Cocoa.framework; sourceTree = "<absolute>"; };
		13E42FB307B3F0F600E4EEF1 /* CoreData.framework */ = {isa = PBXFileReference; lastKnownFileType = wrapper.framework; name = CoreData.framework; path = /System/Library/Frameworks/CoreData.framework; sourceTree = "<absolute>"; };
		1DDD58150DA1D0A300B32029 /* English */ = {isa = PBXFileReference; lastKnownFileType = file.xib; name = English; path = English.lproj/MainMenu.xib; sourceTree = "<group>"; };
		256AC3D80F4B6AC300CF3369 /* fayeMacAppDelegate.h */ = {isa = PBXFileReference; fileEncoding = 4; lastKnownFileType = sourcecode.c.h; path = fayeMacAppDelegate.h; sourceTree = "<group>"; };
		256AC3D90F4B6AC300CF3369 /* fayeMacAppDelegate.m */ = {isa = PBXFileReference; fileEncoding = 4; lastKnownFileType = sourcecode.c.objc; path = fayeMacAppDelegate.m; sourceTree = "<group>"; };
		256AC3F00F4B6AF500CF3369 /* fayeMac_Prefix.pch */ = {isa = PBXFileReference; fileEncoding = 4; lastKnownFileType = sourcecode.c.h; path = fayeMac_Prefix.pch; sourceTree = "<group>"; };
		29B97316FDCFA39411CA2CEA /* main.m */ = {isa = PBXFileReference; fileEncoding = 4; lastKnownFileType = sourcecode.c.objc; path = main.m; sourceTree = "<group>"; };
		29B97324FDCFA39411CA2CEA /* AppKit.framework */ = {isa = PBXFileReference; lastKnownFileType = wrapper.framework; name = AppKit.framework; path = /System/Library/Frameworks/AppKit.framework; sourceTree = "<absolute>"; };
		29B97325FDCFA39411CA2CEA /* Foundation.framework */ = {isa = PBXFileReference; lastKnownFileType = wrapper.framework; name = Foundation.framework; path = /System/Library/Frameworks/Foundation.framework; sourceTree = "<absolute>"; };
		5D196E0C132FBF1900DF141C /* fayeMac.icns */ = {isa = PBXFileReference; lastKnownFileType = image.icns; path = fayeMac.icns; sourceTree = "<group>"; };
		5D4CF4EA133242AD00738FDE /* JSONKit.h */ = {isa = PBXFileReference; fileEncoding = 4; lastKnownFileType = sourcecode.c.h; path = JSONKit.h; sourceTree = "<group>"; };
		5D4CF4EB133242AD00738FDE /* JSONKit.m */ = {isa = PBXFileReference; fileEncoding = 4; lastKnownFileType = sourcecode.c.objc; path = JSONKit.m; sourceTree = "<group>"; };
		5DD10075132118ED00E49150 /* CoreServices.framework */ = {isa = PBXFileReference; lastKnownFileType = wrapper.framework; name = CoreServices.framework; path = System/Library/Frameworks/CoreServices.framework; sourceTree = SDKROOT; };
		5DD102EB13213B1F00E49150 /* MainController.h */ = {isa = PBXFileReference; fileEncoding = 4; lastKnownFileType = sourcecode.c.h; path = MainController.h; sourceTree = "<group>"; };
		5DD102EC13213B1F00E49150 /* MainController.m */ = {isa = PBXFileReference; fileEncoding = 4; lastKnownFileType = sourcecode.c.objc; path = MainController.m; sourceTree = "<group>"; };
		5DD1042F132183C600E49150 /* green.png */ = {isa = PBXFileReference; lastKnownFileType = image.png; name = green.png; path = images/green.png; sourceTree = SOURCE_ROOT; };
		5DD10430132183C600E49150 /* red.png */ = {isa = PBXFileReference; lastKnownFileType = image.png; name = red.png; path = images/red.png; sourceTree = SOURCE_ROOT; };
		5DD104961321886400E49150 /* NSDate-UTC.h */ = {isa = PBXFileReference; fileEncoding = 4; lastKnownFileType = sourcecode.c.h; name = "NSDate-UTC.h"; path = "FayeObjC/Extensions/NSDate-UTC.h"; sourceTree = SOURCE_ROOT; };
		5DD104971321886400E49150 /* NSDate-UTC.m */ = {isa = PBXFileReference; fileEncoding = 4; lastKnownFileType = sourcecode.c.objc; name = "NSDate-UTC.m"; path = "FayeObjC/Extensions/NSDate-UTC.m"; sourceTree = SOURCE_ROOT; };
		5DD104981321886400E49150 /* NSObject+PropertySupport.h */ = {isa = PBXFileReference; fileEncoding = 4; lastKnownFileType = sourcecode.c.h; name = "NSObject+PropertySupport.h"; path = "FayeObjC/Extensions/NSObject+PropertySupport.h"; sourceTree = SOURCE_ROOT; };
		5DD104991321886400E49150 /* NSObject+PropertySupport.m */ = {isa = PBXFileReference; fileEncoding = 4; lastKnownFileType = sourcecode.c.objc; name = "NSObject+PropertySupport.m"; path = "FayeObjC/Extensions/NSObject+PropertySupport.m"; sourceTree = SOURCE_ROOT; };
		5DD1049A1321886400E49150 /* NSString+InflectionSupport.h */ = {isa = PBXFileReference; fileEncoding = 4; lastKnownFileType = sourcecode.c.h; name = "NSString+InflectionSupport.h"; path = "FayeObjC/Extensions/NSString+InflectionSupport.h"; sourceTree = SOURCE_ROOT; };
		5DD1049B1321886400E49150 /* NSString+InflectionSupport.m */ = {isa = PBXFileReference; fileEncoding = 4; lastKnownFileType = sourcecode.c.objc; name = "NSString+InflectionSupport.m"; path = "FayeObjC/Extensions/NSString+InflectionSupport.m"; sourceTree = SOURCE_ROOT; };
		5DD1049C1321886400E49150 /* ObjectiveResourceDateFormatter.h */ = {isa = PBXFileReference; fileEncoding = 4; lastKnownFileType = sourcecode.c.h; name = ObjectiveResourceDateFormatter.h; path = FayeObjC/Extensions/ObjectiveResourceDateFormatter.h; sourceTree = SOURCE_ROOT; };
		5DD1049D1321886400E49150 /* ObjectiveResourceDateFormatter.m */ = {isa = PBXFileReference; fileEncoding = 4; lastKnownFileType = sourcecode.c.objc; name = ObjectiveResourceDateFormatter.m; path = FayeObjC/Extensions/ObjectiveResourceDateFormatter.m; sourceTree = SOURCE_ROOT; };
		5DD1049F1321886400E49150 /* NSData+Serialize.h */ = {isa = PBXFileReference; fileEncoding = 4; lastKnownFileType = sourcecode.c.h; name = "NSData+Serialize.h"; path = "FayeObjC/Extensions/Serialize/NSData+Serialize.h"; sourceTree = SOURCE_ROOT; };
		5DD104A01321886400E49150 /* NSData+Serialize.m */ = {isa = PBXFileReference; fileEncoding = 4; lastKnownFileType = sourcecode.c.objc; name = "NSData+Serialize.m"; path = "FayeObjC/Extensions/Serialize/NSData+Serialize.m"; sourceTree = SOURCE_ROOT; };
		5DD104A11321886400E49150 /* NSDate+Serialize.h */ = {isa = PBXFileReference; fileEncoding = 4; lastKnownFileType = sourcecode.c.h; name = "NSDate+Serialize.h"; path = "FayeObjC/Extensions/Serialize/NSDate+Serialize.h"; sourceTree = SOURCE_ROOT; };
		5DD104A21321886400E49150 /* NSDate+Serialize.m */ = {isa = PBXFileReference; fileEncoding = 4; lastKnownFileType = sourcecode.c.objc; name = "NSDate+Serialize.m"; path = "FayeObjC/Extensions/Serialize/NSDate+Serialize.m"; sourceTree = SOURCE_ROOT; };
		5DD104A31321886400E49150 /* NSDictionary+KeyTranslation.h */ = {isa = PBXFileReference; fileEncoding = 4; lastKnownFileType = sourcecode.c.h; name = "NSDictionary+KeyTranslation.h"; path = "FayeObjC/Extensions/Serialize/NSDictionary+KeyTranslation.h"; sourceTree = SOURCE_ROOT; };
		5DD104A41321886400E49150 /* NSDictionary+KeyTranslation.m */ = {isa = PBXFileReference; fileEncoding = 4; lastKnownFileType = sourcecode.c.objc; name = "NSDictionary+KeyTranslation.m"; path = "FayeObjC/Extensions/Serialize/NSDictionary+KeyTranslation.m"; sourceTree = SOURCE_ROOT; };
		5DD104A51321886400E49150 /* NSObject+Serialize.h */ = {isa = PBXFileReference; fileEncoding = 4; lastKnownFileType = sourcecode.c.h; name = "NSObject+Serialize.h"; path = "FayeObjC/Extensions/Serialize/NSObject+Serialize.h"; sourceTree = SOURCE_ROOT; };
		5DD104A61321886400E49150 /* NSObject+Serialize.m */ = {isa = PBXFileReference; fileEncoding = 4; lastKnownFileType = sourcecode.c.objc; name = "NSObject+Serialize.m"; path = "FayeObjC/Extensions/Serialize/NSObject+Serialize.m"; sourceTree = SOURCE_ROOT; };
		5DD104A71321886400E49150 /* NSString+Serialize.h */ = {isa = PBXFileReference; fileEncoding = 4; lastKnownFileType = sourcecode.c.h; name = "NSString+Serialize.h"; path = "FayeObjC/Extensions/Serialize/NSString+Serialize.h"; sourceTree = SOURCE_ROOT; };
		5DD104A81321886400E49150 /* NSString+Serialize.m */ = {isa = PBXFileReference; fileEncoding = 4; lastKnownFileType = sourcecode.c.objc; name = "NSString+Serialize.m"; path = "FayeObjC/Extensions/Serialize/NSString+Serialize.m"; sourceTree = SOURCE_ROOT; };
		5DD104A91321886400E49150 /* FayeClient.h */ = {isa = PBXFileReference; fileEncoding = 4; lastKnownFileType = sourcecode.c.h; path = FayeClient.h; sourceTree = "<group>"; };
		5DD104AA1321886400E49150 /* FayeClient.m */ = {isa = PBXFileReference; fileEncoding = 4; lastKnownFileType = sourcecode.c.objc; path = FayeClient.m; sourceTree = "<group>"; };
		5DD104AB1321886400E49150 /* FayeMessage.h */ = {isa = PBXFileReference; fileEncoding = 4; lastKnownFileType = sourcecode.c.h; name = FayeMessage.h; path = FayeObjC/FayeMessage.h; sourceTree = SOURCE_ROOT; };
		5DD104AC1321886400E49150 /* FayeMessage.m */ = {isa = PBXFileReference; fileEncoding = 4; lastKnownFileType = sourcecode.c.objc; name = FayeMessage.m; path = FayeObjC/FayeMessage.m; sourceTree = SOURCE_ROOT; };
		5DD104B01321886400E49150 /* AsyncSocket Documentation.html */ = {isa = PBXFileReference; fileEncoding = 4; lastKnownFileType = text.html; name = "AsyncSocket Documentation.html"; path = "FayeObjC/zimt/Vendor/AsyncSocket/AsyncSocket Documentation.html"; sourceTree = SOURCE_ROOT; };
		5DD104B11321886400E49150 /* AsyncSocket.h */ = {isa = PBXFileReference; fileEncoding = 4; lastKnownFileType = sourcecode.c.h; name = AsyncSocket.h; path = FayeObjC/zimt/Vendor/AsyncSocket/AsyncSocket.h; sourceTree = SOURCE_ROOT; };
		5DD104B21321886400E49150 /* AsyncSocket.m */ = {isa = PBXFileReference; fileEncoding = 4; lastKnownFileType = sourcecode.c.objc; name = AsyncSocket.m; path = FayeObjC/zimt/Vendor/AsyncSocket/AsyncSocket.m; sourceTree = SOURCE_ROOT; };
		5DD104B31321886400E49150 /* AsyncUdpSocket.h */ = {isa = PBXFileReference; fileEncoding = 4; lastKnownFileType = sourcecode.c.h; name = AsyncUdpSocket.h; path = FayeObjC/zimt/Vendor/AsyncSocket/AsyncUdpSocket.h; sourceTree = SOURCE_ROOT; };
		5DD104B41321886400E49150 /* AsyncUdpSocket.m */ = {isa = PBXFileReference; fileEncoding = 4; lastKnownFileType = sourcecode.c.objc; name = AsyncUdpSocket.m; path = FayeObjC/zimt/Vendor/AsyncSocket/AsyncUdpSocket.m; sourceTree = SOURCE_ROOT; };
		5DD104B51321886400E49150 /* changes.txt */ = {isa = PBXFileReference; fileEncoding = 4; lastKnownFileType = text; name = changes.txt; path = FayeObjC/zimt/Vendor/AsyncSocket/changes.txt; sourceTree = SOURCE_ROOT; };
		5DD104B71321886400E49150 /* Zimt.h */ = {isa = PBXFileReference; fileEncoding = 4; lastKnownFileType = sourcecode.c.h; name = Zimt.h; path = FayeObjC/zimt/Zimt/Zimt.h; sourceTree = SOURCE_ROOT; };
		5DD104B81321886400E49150 /* ZTLog.h */ = {isa = PBXFileReference; fileEncoding = 4; lastKnownFileType = sourcecode.c.h; name = ZTLog.h; path = FayeObjC/zimt/Zimt/ZTLog.h; sourceTree = SOURCE_ROOT; };
		5DD104B91321886400E49150 /* ZTWebSocket.h */ = {isa = PBXFileReference; fileEncoding = 4; lastKnownFileType = sourcecode.c.h; name = ZTWebSocket.h; path = FayeObjC/zimt/Zimt/ZTWebSocket.h; sourceTree = SOURCE_ROOT; };
		5DD104BA1321886400E49150 /* ZTWebSocket.m */ = {isa = PBXFileReference; fileEncoding = 4; lastKnownFileType = sourcecode.c.objc; name = ZTWebSocket.m; path = FayeObjC/zimt/Zimt/ZTWebSocket.m; sourceTree = SOURCE_ROOT; };
		8D1107310486CEB800E47090 /* fayeMac-Info.plist */ = {isa = PBXFileReference; fileEncoding = 4; lastKnownFileType = text.plist.xml; path = "fayeMac-Info.plist"; sourceTree = "<group>"; };
		8D1107320486CEB800E47090 /* fayeMac.app */ = {isa = PBXFileReference; explicitFileType = wrapper.application; includeInIndex = 0; path = fayeMac.app; sourceTree = BUILT_PRODUCTS_DIR; };
/* End PBXFileReference section */

/* Begin PBXFrameworksBuildPhase section */
		8D11072E0486CEB800E47090 /* Frameworks */ = {
			isa = PBXFrameworksBuildPhase;
			buildActionMask = 2147483647;
			files = (
				8D11072F0486CEB800E47090 /* Cocoa.framework in Frameworks */,
				5DD10076132118ED00E49150 /* CoreServices.framework in Frameworks */,
			);
			runOnlyForDeploymentPostprocessing = 0;
		};
/* End PBXFrameworksBuildPhase section */

/* Begin PBXGroup section */
		080E96DDFE201D6D7F000001 /* Classes */ = {
			isa = PBXGroup;
			children = (
				5DD104941321886400E49150 /* FayeObjC */,
				256AC3D80F4B6AC300CF3369 /* fayeMacAppDelegate.h */,
				256AC3D90F4B6AC300CF3369 /* fayeMacAppDelegate.m */,
				5DD102EB13213B1F00E49150 /* MainController.h */,
				5DD102EC13213B1F00E49150 /* MainController.m */,
			);
			name = Classes;
			sourceTree = "<group>";
		};
		1058C7A0FEA54F0111CA2CBB /* Linked Frameworks */ = {
			isa = PBXGroup;
			children = (
				1058C7A1FEA54F0111CA2CBB /* Cocoa.framework */,
				5DD10075132118ED00E49150 /* CoreServices.framework */,
			);
			name = "Linked Frameworks";
			sourceTree = "<group>";
		};
		1058C7A2FEA54F0111CA2CBB /* Other Frameworks */ = {
			isa = PBXGroup;
			children = (
				29B97324FDCFA39411CA2CEA /* AppKit.framework */,
				13E42FB307B3F0F600E4EEF1 /* CoreData.framework */,
				29B97325FDCFA39411CA2CEA /* Foundation.framework */,
			);
			name = "Other Frameworks";
			sourceTree = "<group>";
		};
		19C28FACFE9D520D11CA2CBB /* Products */ = {
			isa = PBXGroup;
			children = (
				8D1107320486CEB800E47090 /* fayeMac.app */,
			);
			name = Products;
			sourceTree = "<group>";
		};
		29B97314FDCFA39411CA2CEA /* fayeMac */ = {
			isa = PBXGroup;
			children = (
				080E96DDFE201D6D7F000001 /* Classes */,
				29B97315FDCFA39411CA2CEA /* Other Sources */,
				29B97317FDCFA39411CA2CEA /* Resources */,
				29B97323FDCFA39411CA2CEA /* Frameworks */,
				19C28FACFE9D520D11CA2CBB /* Products */,
			);
			name = fayeMac;
			sourceTree = "<group>";
		};
		29B97315FDCFA39411CA2CEA /* Other Sources */ = {
			isa = PBXGroup;
			children = (
				256AC3F00F4B6AF500CF3369 /* fayeMac_Prefix.pch */,
				29B97316FDCFA39411CA2CEA /* main.m */,
			);
			name = "Other Sources";
			sourceTree = "<group>";
		};
		29B97317FDCFA39411CA2CEA /* Resources */ = {
			isa = PBXGroup;
			children = (
				5D196E0C132FBF1900DF141C /* fayeMac.icns */,
				5DD1042E132183C600E49150 /* images */,
				8D1107310486CEB800E47090 /* fayeMac-Info.plist */,
				089C165CFE840E0CC02AAC07 /* InfoPlist.strings */,
				1DDD58140DA1D0A300B32029 /* MainMenu.xib */,
			);
			name = Resources;
			sourceTree = "<group>";
		};
		29B97323FDCFA39411CA2CEA /* Frameworks */ = {
			isa = PBXGroup;
			children = (
				1058C7A0FEA54F0111CA2CBB /* Linked Frameworks */,
				1058C7A2FEA54F0111CA2CBB /* Other Frameworks */,
			);
			name = Frameworks;
			sourceTree = "<group>";
		};
		5D4CF4E9133242AD00738FDE /* JSONKit */ = {
			isa = PBXGroup;
			children = (
				5D4CF4EA133242AD00738FDE /* JSONKit.h */,
				5D4CF4EB133242AD00738FDE /* JSONKit.m */,
			);
			path = JSONKit;
			sourceTree = "<group>";
		};
		5DD1042E132183C600E49150 /* images */ = {
			isa = PBXGroup;
			children = (
				5DD1042F132183C600E49150 /* green.png */,
				5DD10430132183C600E49150 /* red.png */,
			);
			path = images;
			sourceTree = SOURCE_ROOT;
		};
		5DD104941321886400E49150 /* FayeObjC */ = {
			isa = PBXGroup;
			children = (
				5D4CF4E9133242AD00738FDE /* JSONKit */,
				5DD104951321886400E49150 /* Extensions */,
				5DD104A91321886400E49150 /* FayeClient.h */,
				5DD104AA1321886400E49150 /* FayeClient.m */,
				5DD104AB1321886400E49150 /* FayeMessage.h */,
				5DD104AC1321886400E49150 /* FayeMessage.m */,
				5DD104AD1321886400E49150 /* zimt */,
			);
			path = FayeObjC;
			sourceTree = SOURCE_ROOT;
		};
		5DD104951321886400E49150 /* Extensions */ = {
			isa = PBXGroup;
			children = (
				5DD104961321886400E49150 /* NSDate-UTC.h */,
				5DD104971321886400E49150 /* NSDate-UTC.m */,
				5DD104981321886400E49150 /* NSObject+PropertySupport.h */,
				5DD104991321886400E49150 /* NSObject+PropertySupport.m */,
				5DD1049A1321886400E49150 /* NSString+InflectionSupport.h */,
				5DD1049B1321886400E49150 /* NSString+InflectionSupport.m */,
				5DD1049C1321886400E49150 /* ObjectiveResourceDateFormatter.h */,
				5DD1049D1321886400E49150 /* ObjectiveResourceDateFormatter.m */,
				5DD1049E1321886400E49150 /* Serialize */,
			);
			name = Extensions;
			path = FayeObjC/Extensions;
			sourceTree = SOURCE_ROOT;
		};
		5DD1049E1321886400E49150 /* Serialize */ = {
			isa = PBXGroup;
			children = (
				5DD1049F1321886400E49150 /* NSData+Serialize.h */,
				5DD104A01321886400E49150 /* NSData+Serialize.m */,
				5DD104A11321886400E49150 /* NSDate+Serialize.h */,
				5DD104A21321886400E49150 /* NSDate+Serialize.m */,
				5DD104A31321886400E49150 /* NSDictionary+KeyTranslation.h */,
				5DD104A41321886400E49150 /* NSDictionary+KeyTranslation.m */,
				5DD104A51321886400E49150 /* NSObject+Serialize.h */,
				5DD104A61321886400E49150 /* NSObject+Serialize.m */,
				5DD104A71321886400E49150 /* NSString+Serialize.h */,
				5DD104A81321886400E49150 /* NSString+Serialize.m */,
			);
			name = Serialize;
			path = FayeObjC/Extensions/Serialize;
			sourceTree = SOURCE_ROOT;
		};
		5DD104AD1321886400E49150 /* zimt */ = {
			isa = PBXGroup;
			children = (
				5DD104AE1321886400E49150 /* Vendor */,
				5DD104B61321886400E49150 /* Zimt */,
			);
			name = zimt;
			path = FayeObjC/zimt;
			sourceTree = SOURCE_ROOT;
		};
		5DD104AE1321886400E49150 /* Vendor */ = {
			isa = PBXGroup;
			children = (
				5DD104AF1321886400E49150 /* AsyncSocket */,
			);
			name = Vendor;
			path = FayeObjC/zimt/Vendor;
			sourceTree = SOURCE_ROOT;
		};
		5DD104AF1321886400E49150 /* AsyncSocket */ = {
			isa = PBXGroup;
			children = (
				5DD104B01321886400E49150 /* AsyncSocket Documentation.html */,
				5DD104B11321886400E49150 /* AsyncSocket.h */,
				5DD104B21321886400E49150 /* AsyncSocket.m */,
				5DD104B31321886400E49150 /* AsyncUdpSocket.h */,
				5DD104B41321886400E49150 /* AsyncUdpSocket.m */,
				5DD104B51321886400E49150 /* changes.txt */,
			);
			name = AsyncSocket;
			path = FayeObjC/zimt/Vendor/AsyncSocket;
			sourceTree = SOURCE_ROOT;
		};
		5DD104B61321886400E49150 /* Zimt */ = {
			isa = PBXGroup;
			children = (
				5DD104B71321886400E49150 /* Zimt.h */,
				5DD104B81321886400E49150 /* ZTLog.h */,
				5DD104B91321886400E49150 /* ZTWebSocket.h */,
				5DD104BA1321886400E49150 /* ZTWebSocket.m */,
			);
			name = Zimt;
			path = FayeObjC/zimt/Zimt;
			sourceTree = SOURCE_ROOT;
		};
/* End PBXGroup section */

/* Begin PBXNativeTarget section */
		8D1107260486CEB800E47090 /* fayeMac */ = {
			isa = PBXNativeTarget;
			buildConfigurationList = C01FCF4A08A954540054247B /* Build configuration list for PBXNativeTarget "fayeMac" */;
			buildPhases = (
				8D1107290486CEB800E47090 /* Resources */,
				8D11072C0486CEB800E47090 /* Sources */,
				8D11072E0486CEB800E47090 /* Frameworks */,
				5DD1FF831320494600E49150 /* CopyFiles */,
			);
			buildRules = (
			);
			dependencies = (
			);
			name = fayeMac;
			productInstallPath = "$(HOME)/Applications";
			productName = fayeMac;
			productReference = 8D1107320486CEB800E47090 /* fayeMac.app */;
			productType = "com.apple.product-type.application";
		};
/* End PBXNativeTarget section */

/* Begin PBXProject section */
		29B97313FDCFA39411CA2CEA /* Project object */ = {
			isa = PBXProject;
			buildConfigurationList = C01FCF4E08A954540054247B /* Build configuration list for PBXProject "fayeMac" */;
			compatibilityVersion = "Xcode 3.1";
			developmentRegion = English;
			hasScannedForEncodings = 1;
			knownRegions = (
				English,
				Japanese,
				French,
				German,
			);
			mainGroup = 29B97314FDCFA39411CA2CEA /* fayeMac */;
			projectDirPath = "";
			projectRoot = "";
			targets = (
				8D1107260486CEB800E47090 /* fayeMac */,
			);
		};
/* End PBXProject section */

/* Begin PBXResourcesBuildPhase section */
		8D1107290486CEB800E47090 /* Resources */ = {
			isa = PBXResourcesBuildPhase;
			buildActionMask = 2147483647;
			files = (
				8D11072B0486CEB800E47090 /* InfoPlist.strings in Resources */,
				1DDD58160DA1D0A300B32029 /* MainMenu.xib in Resources */,
				5DD10431132183C600E49150 /* green.png in Resources */,
				5DD10432132183C600E49150 /* red.png in Resources */,
				5DD104C61321886400E49150 /* AsyncSocket Documentation.html in Resources */,
				5DD104C91321886400E49150 /* changes.txt in Resources */,
				5D196E0D132FBF1900DF141C /* fayeMac.icns in Resources */,
			);
			runOnlyForDeploymentPostprocessing = 0;
		};
/* End PBXResourcesBuildPhase section */

/* Begin PBXSourcesBuildPhase section */
		8D11072C0486CEB800E47090 /* Sources */ = {
			isa = PBXSourcesBuildPhase;
			buildActionMask = 2147483647;
			files = (
				8D11072D0486CEB800E47090 /* main.m in Sources */,
				256AC3DA0F4B6AC300CF3369 /* fayeMacAppDelegate.m in Sources */,
				5DD102ED13213B1F00E49150 /* MainController.m in Sources */,
				5DD104BB1321886400E49150 /* NSDate-UTC.m in Sources */,
				5DD104BC1321886400E49150 /* NSObject+PropertySupport.m in Sources */,
				5DD104BD1321886400E49150 /* NSString+InflectionSupport.m in Sources */,
				5DD104BE1321886400E49150 /* ObjectiveResourceDateFormatter.m in Sources */,
				5DD104BF1321886400E49150 /* NSData+Serialize.m in Sources */,
				5DD104C01321886400E49150 /* NSDate+Serialize.m in Sources */,
				5DD104C11321886400E49150 /* NSDictionary+KeyTranslation.m in Sources */,
				5DD104C21321886400E49150 /* NSObject+Serialize.m in Sources */,
				5DD104C31321886400E49150 /* NSString+Serialize.m in Sources */,
				5DD104C41321886400E49150 /* FayeClient.m in Sources */,
				5DD104C51321886400E49150 /* FayeMessage.m in Sources */,
				5DD104C71321886400E49150 /* AsyncSocket.m in Sources */,
				5DD104C81321886400E49150 /* AsyncUdpSocket.m in Sources */,
				5DD104CA1321886400E49150 /* ZTWebSocket.m in Sources */,
				5D4CF4EC133242AD00738FDE /* JSONKit.m in Sources */,
			);
			runOnlyForDeploymentPostprocessing = 0;
		};
/* End PBXSourcesBuildPhase section */

/* Begin PBXVariantGroup section */
		089C165CFE840E0CC02AAC07 /* InfoPlist.strings */ = {
			isa = PBXVariantGroup;
			children = (
				089C165DFE840E0CC02AAC07 /* English */,
			);
			name = InfoPlist.strings;
			sourceTree = "<group>";
		};
		1DDD58140DA1D0A300B32029 /* MainMenu.xib */ = {
			isa = PBXVariantGroup;
			children = (
				1DDD58150DA1D0A300B32029 /* English */,
			);
			name = MainMenu.xib;
			sourceTree = "<group>";
		};
/* End PBXVariantGroup section */

/* Begin XCBuildConfiguration section */
		C01FCF4B08A954540054247B /* Debug */ = {
			isa = XCBuildConfiguration;
			buildSettings = {
				ALWAYS_SEARCH_USER_PATHS = NO;
				COPY_PHASE_STRIP = NO;
				FRAMEWORK_SEARCH_PATHS = "$(inherited)";
				GCC_DYNAMIC_NO_PIC = NO;
				GCC_ENABLE_FIX_AND_CONTINUE = YES;
				GCC_MODEL_TUNING = G5;
				GCC_OPTIMIZATION_LEVEL = 0;
				GCC_PRECOMPILE_PREFIX_HEADER = YES;
				GCC_PREFIX_HEADER = fayeMac_Prefix.pch;
				INFOPLIST_FILE = "fayeMac-Info.plist";
				INSTALL_PATH = "$(HOME)/Applications";
				LIBRARY_SEARCH_PATHS = "$(inherited)";
				PRODUCT_NAME = fayeMac;
			};
			name = Debug;
		};
		C01FCF4C08A954540054247B /* Release */ = {
			isa = XCBuildConfiguration;
			buildSettings = {
				ALWAYS_SEARCH_USER_PATHS = NO;
				DEBUG_INFORMATION_FORMAT = "dwarf-with-dsym";
				FRAMEWORK_SEARCH_PATHS = "$(inherited)";
				GCC_MODEL_TUNING = G5;
				GCC_PRECOMPILE_PREFIX_HEADER = YES;
				GCC_PREFIX_HEADER = fayeMac_Prefix.pch;
				INFOPLIST_FILE = "fayeMac-Info.plist";
				INSTALL_PATH = "$(HOME)/Applications";
				LIBRARY_SEARCH_PATHS = "$(inherited)";
				PRODUCT_NAME = fayeMac;
			};
			name = Release;
		};
		C01FCF4F08A954540054247B /* Debug */ = {
			isa = XCBuildConfiguration;
			buildSettings = {
				ARCHS = "$(ARCHS_STANDARD_32_64_BIT)";
				GCC_C_LANGUAGE_STANDARD = gnu99;
				GCC_OPTIMIZATION_LEVEL = 0;
				GCC_WARN_ABOUT_RETURN_TYPE = YES;
				GCC_WARN_UNUSED_VARIABLE = YES;
				LD_RUNPATH_SEARCH_PATHS = "@loader_path/../Frameworks";
				LIBRARY_SEARCH_PATHS = "";
				ONLY_ACTIVE_ARCH = YES;
				OTHER_CFLAGS = "-DDEBUG=1";
				OTHER_LDFLAGS = "";
				PREBINDING = NO;
				RUN_CLANG_STATIC_ANALYZER = YES;
				SDKROOT = macosx10.6;
				USER_HEADER_SEARCH_PATHS = "";
			};
			name = Debug;
		};
		C01FCF5008A954540054247B /* Release */ = {
			isa = XCBuildConfiguration;
			buildSettings = {
				ARCHS = "$(ARCHS_STANDARD_32_64_BIT)";
				GCC_C_LANGUAGE_STANDARD = gnu99;
				GCC_WARN_ABOUT_RETURN_TYPE = YES;
				GCC_WARN_UNUSED_VARIABLE = YES;
				PREBINDING = NO;
				SDKROOT = macosx10.6;
			};
			name = Release;
		};
/* End XCBuildConfiguration section */

/* Begin XCConfigurationList section */
		C01FCF4A08A954540054247B /* Build configuration list for PBXNativeTarget "fayeMac" */ = {
			isa = XCConfigurationList;
			buildConfigurations = (
				C01FCF4B08A954540054247B /* Debug */,
				C01FCF4C08A954540054247B /* Release */,
			);
			defaultConfigurationIsVisible = 0;
			defaultConfigurationName = Release;
		};
		C01FCF4E08A954540054247B /* Build configuration list for PBXProject "fayeMac" */ = {
			isa = XCConfigurationList;
			buildConfigurations = (
				C01FCF4F08A954540054247B /* Debug */,
				C01FCF5008A954540054247B /* Release */,
			);
			defaultConfigurationIsVisible = 0;
			defaultConfigurationName = Release;
		};
/* End XCConfigurationList section */
	};
	rootObject = 29B97313FDCFA39411CA2CEA /* Project object */;
}
